github.com/goccy/go-yaml v1.19.2 h1:PmFC1S6h8ljIz6gMRBopkjP1TVT7xuwrButHID66PoM=
github.com/goccy/go-yaml v1.19.2/go.mod h1:XBurs7gK8ATbW4ZPGKgcbrY1Br56PdM69F7LkFRi1kA=
github.com/magefile/mage v1.17.2 h1:fyXVu1eadI8Ap1HCCNgEhJ5McIWiYhLR8uol64ZZc40=
github.com/magefile/mage v1.17.2/go.mod h1:Yj51kqllmsgFpvvSzgrZPK9WtluG3kUhFaBUVLo4feA=
